
Microsoft Visual Studio Solution File, Format Version 12.00
# Visual Studio Version 16
VisualStudioVersion = 16.0.31515.178
MinimumVisualStudioVersion = 10.0.40219.1
Project("{FAE04EC0-301F-11D3-BF4B-00C04F79EFBC}") = "OOP1", "OOP1\OOP1.csproj", "{1D3EB4BA-7FB1-4D8D-BC6D-A3853624D381}"
EndProject
Global
	GlobalSection(SolutionConfigurationPlatforms) = preSolution
		Debug|Any CPU = Debug|Any CPU
		Release|Any CPU = Release|Any CPU
	EndGlobalSection
	GlobalSection(ProjectConfigurationPlatforms) = postSolution
		{1D3EB4BA-7FB1-4D8D-BC6D-A3853624D381}.Debug|Any CPU.ActiveCfg = Debug|Any CPU
		{1D3EB4BA-7FB1-4D8D-BC6D-A3853624D381}.Debug|Any CPU.Build.0 = Debug|Any CPU
		{1D3EB4BA-7FB1-4D8D-BC6D-A3853624D381}.Release|Any CPU.ActiveCfg = Release|Any CPU
		{1D3EB4BA-7FB1-4D8D-BC6D-A3853624D381}.Release|Any CPU.Build.0 = Release|Any CPU
	EndGlobalSection
	GlobalSection(SolutionProperties) = preSolution
		HideSolutionNode = FALSE
	EndGlobalSection
	GlobalSection(ExtensibilityGlobals) = postSolution
		SolutionGuid = {9CEBE037-9BF7-45B5-93D2-B3A8B7D526DB}
	EndGlobalSection
EndGlobal
